
Microsoft Visual Studio Solution File, Format Version 12.00
# Visual Studio Version 17
VisualStudioVersion = 17.9.34607.119
MinimumVisualStudioVersion = 10.0.40219.1
Project("{FAE04EC0-301F-11D3-BF4B-00C04F79EFBC}") = "WpfApp1", "WpfApp1\WpfApp1.csproj", "{78CA32E3-EB0C-4A97-A992-6F2F06A63627}"
EndProject
Global
	GlobalSection(SolutionConfigurationPlatforms) = preSolution
		Debug|Any CPU = Debug|Any CPU
		Release|Any CPU = Release|Any CPU
	EndGlobalSection
	GlobalSection(ProjectConfigurationPlatforms) = postSolution
		{78CA32E3-EB0C-4A97-A992-6F2F06A63627}.Debug|Any CPU.ActiveCfg = Debug|Any CPU
		{78CA32E3-EB0C-4A97-A992-6F2F06A63627}.Debug|Any CPU.Build.0 = Debug|Any CPU
		{78CA32E3-EB0C-4A97-A992-6F2F06A63627}.Release|Any CPU.ActiveCfg = Release|Any CPU
		{78CA32E3-EB0C-4A97-A992-6F2F06A63627}.Release|Any CPU.Build.0 = Release|Any CPU
	EndGlobalSection
	GlobalSection(SolutionProperties) = preSolution
		HideSolutionNode = FALSE
	EndGlobalSection
	GlobalSection(ExtensibilityGlobals) = postSolution
		SolutionGuid = {DFE246BE-E196-4F02-B390-3AC667FA3551}
	EndGlobalSection
EndGlobal
